
Microsoft Visual Studio Solution File, Format Version 12.00
# Visual Studio 15
Project("{FAE04EC0-301F-11D3-BF4B-00C04F79EFBC}") = "projetoTeste", "projetoTeste\projetoTeste.csproj", "{9DD73398-2B0F-44B4-8E94-C82B9EA452C8}"
EndProject
Global
	GlobalSection(SolutionConfigurationPlatforms) = preSolution
		Debug|Any CPU = Debug|Any CPU
		Release|Any CPU = Release|Any CPU
	EndGlobalSection
	GlobalSection(ProjectConfigurationPlatforms) = postSolution
		{9DD73398-2B0F-44B4-8E94-C82B9EA452C8}.Debug|Any CPU.ActiveCfg = Debug|Any CPU
		{9DD73398-2B0F-44B4-8E94-C82B9EA452C8}.Debug|Any CPU.Build.0 = Debug|Any CPU
		{9DD73398-2B0F-44B4-8E94-C82B9EA452C8}.Release|Any CPU.ActiveCfg = Release|Any CPU
		{9DD73398-2B0F-44B4-8E94-C82B9EA452C8}.Release|Any CPU.Build.0 = Release|Any CPU
	EndGlobalSection
EndGlobal
